
Microsoft Visual Studio Solution File, Format Version 12.00
# Visual Studio Version 17
VisualStudioVersion = 17.0.32112.339
MinimumVisualStudioVersion = 10.0.40219.1
Project("{FAE04EC0-301F-11D3-BF4B-00C04F79EFBC}") = "Operator", "Operator.csproj", "{7BA99348-9D03-4AC6-96FD-28A0AD7CCD62}"
EndProject
Global
	GlobalSection(SolutionConfigurationPlatforms) = preSolution
		Debug|Any CPU = Debug|Any CPU
		Release|Any CPU = Release|Any CPU
	EndGlobalSection
	GlobalSection(ProjectConfigurationPlatforms) = postSolution
		{7BA99348-9D03-4AC6-96FD-28A0AD7CCD62}.Debug|Any CPU.ActiveCfg = Debug|Any CPU
		{7BA99348-9D03-4AC6-96FD-28A0AD7CCD62}.Debug|Any CPU.Build.0 = Debug|Any CPU
		{7BA99348-9D03-4AC6-96FD-28A0AD7CCD62}.Release|Any CPU.ActiveCfg = Release|Any CPU
		{7BA99348-9D03-4AC6-96FD-28A0AD7CCD62}.Release|Any CPU.Build.0 = Release|Any CPU
	EndGlobalSection
	GlobalSection(SolutionProperties) = preSolution
		HideSolutionNode = FALSE
	EndGlobalSection
	GlobalSection(ExtensibilityGlobals) = postSolution
		SolutionGuid = {57694478-C4B4-46A5-A8DA-5F4D583D914D}
	EndGlobalSection
EndGlobal
